// !$*UTF8*$!
{
	archiveVersion = 1;
	classes = {
	};
	objectVersion = 46;
	objects = {

/* Begin PBXBuildFile section */
		8678CCE71940553900347D68 /* Foundation.framework in Frameworks */ = {isa = PBXBuildFile; fileRef = 8678CCE61940553900347D68 /* Foundation.framework */; };
		8678CCE91940553900347D68 /* CoreGraphics.framework in Frameworks */ = {isa = PBXBuildFile; fileRef = 8678CCE81940553900347D68 /* CoreGraphics.framework */; };
		8678CCEB1940553900347D68 /* UIKit.framework in Frameworks */ = {isa = PBXBuildFile; fileRef = 8678CCEA1940553900347D68 /* UIKit.framework */; };
		8678CCF11940553900347D68 /* InfoPlist.strings in Resources */ = {isa = PBXBuildFile; fileRef = 8678CCEF1940553900347D68 /* InfoPlist.strings */; };
		8678CCF31940553900347D68 /* main.m in Sources */ = {isa = PBXBuildFile; fileRef = 8678CCF21940553900347D68 /* main.m */; };
		8678CCF71940553900347D68 /* AppDelegate.m in Sources */ = {isa = PBXBuildFile; fileRef = 8678CCF61940553900347D68 /* AppDelegate.m */; };
		8678CCF91940553900347D68 /* Images.xcassets in Resources */ = {isa = PBXBuildFile; fileRef = 8678CCF81940553900347D68 /* Images.xcassets */; };
		8678CD001940553900347D68 /* XCTest.framework in Frameworks */ = {isa = PBXBuildFile; fileRef = 8678CCFF1940553900347D68 /* XCTest.framework */; };
		8678CD011940553900347D68 /* Foundation.framework in Frameworks */ = {isa = PBXBuildFile; fileRef = 8678CCE61940553900347D68 /* Foundation.framework */; };
		8678CD021940553900347D68 /* UIKit.framework in Frameworks */ = {isa = PBXBuildFile; fileRef = 8678CCEA1940553900347D68 /* UIKit.framework */; };
		8678CD0A1940553900347D68 /* InfoPlist.strings in Resources */ = {isa = PBXBuildFile; fileRef = 8678CD081940553900347D68 /* InfoPlist.strings */; };
		8678CD0C1940553A00347D68 /* FacebookTests.m in Sources */ = {isa = PBXBuildFile; fileRef = 8678CD0B1940553A00347D68 /* FacebookTests.m */; };
/* End PBXBuildFile section */

/* Begin PBXContainerItemProxy section */
		8678CD031940553900347D68 /* PBXContainerItemProxy */ = {
			isa = PBXContainerItemProxy;
			containerPortal = 8678CCDB1940553900347D68 /* Project object */;
			proxyType = 1;
			remoteGlobalIDString = 8678CCE21940553900347D68;
			remoteInfo = Facebook;
		};
/* End PBXContainerItemProxy section */

/* Begin PBXFileReference section */
		8678CCE31940553900347D68 /* Facebook.app */ = {isa = PBXFileReference; explicitFileType = wrapper.application; includeInIndex = 0; path = Facebook.app; sourceTree = BUILT_PRODUCTS_DIR; };
		8678CCE61940553900347D68 /* Foundation.framework */ = {isa = PBXFileReference; lastKnownFileType = wrapper.framework; name = Foundation.framework; path = System/Library/Frameworks/Foundation.framework; sourceTree = SDKROOT; };
		8678CCE81940553900347D68 /* CoreGraphics.framework */ = {isa = PBXFileReference; lastKnownFileType = wrapper.framework; name = CoreGraphics.framework; path = System/Library/Frameworks/CoreGraphics.framework; sourceTree = SDKROOT; };
		8678CCEA1940553900347D68 /* UIKit.framework */ = {isa = PBXFileReference; lastKnownFileType = wrapper.framework; name = UIKit.framework; path = System/Library/Frameworks/UIKit.framework; sourceTree = SDKROOT; };
		8678CCEE1940553900347D68 /* Facebook-Info.plist */ = {isa = PBXFileReference; lastKnownFileType = text.plist.xml; path = "Facebook-Info.plist"; sourceTree = "<group>"; };
		8678CCF01940553900347D68 /* en */ = {isa = PBXFileReference; lastKnownFileType = text.plist.strings; name = en; path = en.lproj/InfoPlist.strings; sourceTree = "<group>"; };
		8678CCF21940553900347D68 /* main.m */ = {isa = PBXFileReference; lastKnownFileType = sourcecode.c.objc; path = main.m; sourceTree = "<group>"; };
		8678CCF41940553900347D68 /* Facebook-Prefix.pch */ = {isa = PBXFileReference; lastKnownFileType = sourcecode.c.h; path = "Facebook-Prefix.pch"; sourceTree = "<group>"; };
		8678CCF51940553900347D68 /* AppDelegate.h */ = {isa = PBXFileReference; lastKnownFileType = sourcecode.c.h; path = AppDelegate.h; sourceTree = "<group>"; };
		8678CCF61940553900347D68 /* AppDelegate.m */ = {isa = PBXFileReference; lastKnownFileType = sourcecode.c.objc; path = AppDelegate.m; sourceTree = "<group>"; };
		8678CCF81940553900347D68 /* Images.xcassets */ = {isa = PBXFileReference; lastKnownFileType = folder.assetcatalog; path = Images.xcassets; sourceTree = "<group>"; };
		8678CCFE1940553900347D68 /* FacebookTests.xctest */ = {isa = PBXFileReference; explicitFileType = wrapper.cfbundle; includeInIndex = 0; path = FacebookTests.xctest; sourceTree = BUILT_PRODUCTS_DIR; };
		8678CCFF1940553900347D68 /* XCTest.framework */ = {isa = PBXFileReference; lastKnownFileType = wrapper.framework; name = XCTest.framework; path = Library/Frameworks/XCTest.framework; sourceTree = DEVELOPER_DIR; };
		8678CD071940553900347D68 /* FacebookTests-Info.plist */ = {isa = PBXFileReference; lastKnownFileType = text.plist.xml; path = "FacebookTests-Info.plist"; sourceTree = "<group>"; };
		8678CD091940553900347D68 /* en */ = {isa = PBXFileReference; lastKnownFileType = text.plist.strings; name = en; path = en.lproj/InfoPlist.strings; sourceTree = "<group>"; };
		8678CD0B1940553A00347D68 /* FacebookTests.m */ = {isa = PBXFileReference; lastKnownFileType = sourcecode.c.objc; path = FacebookTests.m; sourceTree = "<group>"; };
/* End PBXFileReference section */

/* Begin PBXFrameworksBuildPhase section */
		8678CCE01940553900347D68 /* Frameworks */ = {
			isa = PBXFrameworksBuildPhase;
			buildActionMask = 2147483647;
			files = (
				8678CCE91940553900347D68 /* CoreGraphics.framework in Frameworks */,
				8678CCEB1940553900347D68 /* UIKit.framework in Frameworks */,
				8678CCE71940553900347D68 /* Foundation.framework in Frameworks */,
			);
			runOnlyForDeploymentPostprocessing = 0;
		};
		8678CCFB1940553900347D68 /* Frameworks */ = {
			isa = PBXFrameworksBuildPhase;
			buildActionMask = 2147483647;
			files = (
				8678CD001940553900347D68 /* XCTest.framework in Frameworks */,
				8678CD021940553900347D68 /* UIKit.framework in Frameworks */,
				8678CD011940553900347D68 /* Foundation.framework in Frameworks */,
			);
			runOnlyForDeploymentPostprocessing = 0;
		};
/* End PBXFrameworksBuildPhase section */

/* Begin PBXGroup section */
		8678CCDA1940553900347D68 = {
			isa = PBXGroup;
			children = (
				8678CCEC1940553900347D68 /* Facebook */,
				8678CD051940553900347D68 /* FacebookTests */,
				8678CCE51940553900347D68 /* Frameworks */,
				8678CCE41940553900347D68 /* Products */,
			);
			sourceTree = "<group>";
		};
		8678CCE41940553900347D68 /* Products */ = {
			isa = PBXGroup;
			children = (
				8678CCE31940553900347D68 /* Facebook.app */,
				8678CCFE1940553900347D68 /* FacebookTests.xctest */,
			);
			name = Products;
			sourceTree = "<group>";
		};
		8678CCE51940553900347D68 /* Frameworks */ = {
			isa = PBXGroup;
			children = (
				8678CCE61940553900347D68 /* Foundation.framework */,
				8678CCE81940553900347D68 /* CoreGraphics.framework */,
				8678CCEA1940553900347D68 /* UIKit.framework */,
				8678CCFF1940553900347D68 /* XCTest.framework */,
			);
			name = Frameworks;
			sourceTree = "<group>";
		};
		8678CCEC1940553900347D68 /* Facebook */ = {
			isa = PBXGroup;
			children = (
				8678CCF51940553900347D68 /* AppDelegate.h */,
				8678CCF61940553900347D68 /* AppDelegate.m */,
				8678CCF81940553900347D68 /* Images.xcassets */,
				8678CCED1940553900347D68 /* Supporting Files */,
			);
			path = Facebook;
			sourceTree = "<group>";
		};
		8678CCED1940553900347D68 /* Supporting Files */ = {
			isa = PBXGroup;
			children = (
				8678CCEE1940553900347D68 /* Facebook-Info.plist */,
				8678CCEF1940553900347D68 /* InfoPlist.strings */,
				8678CCF21940553900347D68 /* main.m */,
				8678CCF41940553900347D68 /* Facebook-Prefix.pch */,
			);
			name = "Supporting Files";
			sourceTree = "<group>";
		};
		8678CD051940553900347D68 /* FacebookTests */ = {
			isa = PBXGroup;
			children = (
				8678CD0B1940553A00347D68 /* FacebookTests.m */,
				8678CD061940553900347D68 /* Supporting Files */,
			);
			path = FacebookTests;
			sourceTree = "<group>";
		};
		8678CD061940553900347D68 /* Supporting Files */ = {
			isa = PBXGroup;
			children = (
				8678CD071940553900347D68 /* FacebookTests-Info.plist */,
				8678CD081940553900347D68 /* InfoPlist.strings */,
			);
			name = "Supporting Files";
			sourceTree = "<group>";
		};
/* End PBXGroup section */

/* Begin PBXNativeTarget section */
		8678CCE21940553900347D68 /* Facebook */ = {
			isa = PBXNativeTarget;
			buildConfigurationList = 8678CD0F1940553A00347D68 /* Build configuration list for PBXNativeTarget "Facebook" */;
			buildPhases = (
				8678CCDF1940553900347D68 /* Sources */,
				8678CCE01940553900347D68 /* Frameworks */,
				8678CCE11940553900347D68 /* Resources */,
			);
			buildRules = (
			);
			dependencies = (
			);
			name = Facebook;
			productName = Facebook;
			productReference = 8678CCE31940553900347D68 /* Facebook.app */;
			productType = "com.apple.product-type.application";
		};
		8678CCFD1940553900347D68 /* FacebookTests */ = {
			isa = PBXNativeTarget;
			buildConfigurationList = 8678CD121940553A00347D68 /* Build configuration list for PBXNativeTarget "FacebookTests" */;
			buildPhases = (
				8678CCFA1940553900347D68 /* Sources */,
				8678CCFB1940553900347D68 /* Frameworks */,
				8678CCFC1940553900347D68 /* Resources */,
			);
			buildRules = (
			);
			dependencies = (
				8678CD041940553900347D68 /* PBXTargetDependency */,
			);
			name = FacebookTests;
			productName = FacebookTests;
			productReference = 8678CCFE1940553900347D68 /* FacebookTests.xctest */;
			productType = "com.apple.product-type.bundle.unit-test";
		};
/* End PBXNativeTarget section */

/* Begin PBXProject section */
		8678CCDB1940553900347D68 /* Project object */ = {
			isa = PBXProject;
			attributes = {
				LastUpgradeCheck = 0510;
				ORGANIZATIONNAME = "Jairo Avalos";
				TargetAttributes = {
					8678CCFD1940553900347D68 = {
						TestTargetID = 8678CCE21940553900347D68;
					};
				};
			};
			buildConfigurationList = 8678CCDE1940553900347D68 /* Build configuration list for PBXProject "Facebook" */;
			compatibilityVersion = "Xcode 3.2";
			developmentRegion = English;
			hasScannedForEncodings = 0;
			knownRegions = (
				en,
			);
			mainGroup = 8678CCDA1940553900347D68;
			productRefGroup = 8678CCE41940553900347D68 /* Products */;
			projectDirPath = "";
			projectRoot = "";
			targets = (
				8678CCE21940553900347D68 /* Facebook */,
				8678CCFD1940553900347D68 /* FacebookTests */,
			);
		};
/* End PBXProject section */

/* Begin PBXResourcesBuildPhase section */
		8678CCE11940553900347D68 /* Resources */ = {
			isa = PBXResourcesBuildPhase;
			buildActionMask = 2147483647;
			files = (
				8678CCF11940553900347D68 /* InfoPlist.strings in Resources */,
				8678CCF91940553900347D68 /* Images.xcassets in Resources */,
			);
			runOnlyForDeploymentPostprocessing = 0;
		};
		8678CCFC1940553900347D68 /* Resources */ = {
			isa = PBXResourcesBuildPhase;
			buildActionMask = 2147483647;
			files = (
				8678CD0A1940553900347D68 /* InfoPlist.strings in Resources */,
			);
			runOnlyForDeploymentPostprocessing = 0;
		};
/* End PBXResourcesBuildPhase section */

/* Begin PBXSourcesBuildPhase section */
		8678CCDF1940553900347D68 /* Sources */ = {
			isa = PBXSourcesBuildPhase;
			buildActionMask = 2147483647;
			files = (
				8678CCF71940553900347D68 /* AppDelegate.m in Sources */,
				8678CCF31940553900347D68 /* main.m in Sources */,
			);
			runOnlyForDeploymentPostprocessing = 0;
		};
		8678CCFA1940553900347D68 /* Sources */ = {
			isa = PBXSourcesBuildPhase;
			buildActionMask = 2147483647;
			files = (
				8678CD0C1940553A00347D68 /* FacebookTests.m in Sources */,
			);
			runOnlyForDeploymentPostprocessing = 0;
		};
/* End PBXSourcesBuildPhase section */

/* Begin PBXTargetDependency section */
		8678CD041940553900347D68 /* PBXTargetDependency */ = {
			isa = PBXTargetDependency;
			target = 8678CCE21940553900347D68 /* Facebook */;
			targetProxy = 8678CD031940553900347D68 /* PBXContainerItemProxy */;
		};
/* End PBXTargetDependency section */

/* Begin PBXVariantGroup section */
		8678CCEF1940553900347D68 /* InfoPlist.strings */ = {
			isa = PBXVariantGroup;
			children = (
				8678CCF01940553900347D68 /* en */,
			);
			name = InfoPlist.strings;
			sourceTree = "<group>";
		};
		8678CD081940553900347D68 /* InfoPlist.strings */ = {
			isa = PBXVariantGroup;
			children = (
				8678CD091940553900347D68 /* en */,
			);
			name = InfoPlist.strings;
			sourceTree = "<group>";
		};
/* End PBXVariantGroup section */

/* Begin XCBuildConfiguration section */
		8678CD0D1940553A00347D68 /* Debug */ = {
			isa = XCBuildConfiguration;
			buildSettings = {
				ALWAYS_SEARCH_USER_PATHS = NO;
				CLANG_CXX_LANGUAGE_STANDARD = "gnu++0x";
				CLANG_CXX_LIBRARY = "libc++";
				CLANG_ENABLE_MODULES = YES;
				CLANG_ENABLE_OBJC_ARC = YES;
				CLANG_WARN_BOOL_CONVERSION = YES;
				CLANG_WARN_CONSTANT_CONVERSION = YES;
				CLANG_WARN_DIRECT_OBJC_ISA_USAGE = YES_ERROR;
				CLANG_WARN_EMPTY_BODY = YES;
				CLANG_WARN_ENUM_CONVERSION = YES;
				CLANG_WARN_INT_CONVERSION = YES;
				CLANG_WARN_OBJC_ROOT_CLASS = YES_ERROR;
				CLANG_WARN__DUPLICATE_METHOD_MATCH = YES;
				"CODE_SIGN_IDENTITY[sdk=iphoneos*]" = "iPhone Developer";
				COPY_PHASE_STRIP = NO;
				GCC_C_LANGUAGE_STANDARD = gnu99;
				GCC_DYNAMIC_NO_PIC = NO;
				GCC_OPTIMIZATION_LEVEL = 0;
				GCC_PREPROCESSOR_DEFINITIONS = (
					"DEBUG=1",
					"$(inherited)",
				);
				GCC_SYMBOLS_PRIVATE_EXTERN = NO;
				GCC_WARN_64_TO_32_BIT_CONVERSION = YES;
				GCC_WARN_ABOUT_RETURN_TYPE = YES_ERROR;
				GCC_WARN_UNDECLARED_SELECTOR = YES;
				GCC_WARN_UNINITIALIZED_AUTOS = YES_AGGRESSIVE;
				GCC_WARN_UNUSED_FUNCTION = YES;
				GCC_WARN_UNUSED_VARIABLE = YES;
				IPHONEOS_DEPLOYMENT_TARGET = 7.1;
				ONLY_ACTIVE_ARCH = YES;
				SDKROOT = iphoneos;
			};
			name = Debug;
		};
		8678CD0E1940553A00347D68 /* Release */ = {
			isa = XCBuildConfiguration;
			buildSettings = {
				ALWAYS_SEARCH_USER_PATHS = NO;
				CLANG_CXX_LANGUAGE_STANDARD = "gnu++0x";
				CLANG_CXX_LIBRARY = "libc++";
				CLANG_ENABLE_MODULES = YES;
				CLANG_ENABLE_OBJC_ARC = YES;
				CLANG_WARN_BOOL_CONVERSION = YES;
				CLANG_WARN_CONSTANT_CONVERSION = YES;
				CLANG_WARN_DIRECT_OBJC_ISA_USAGE = YES_ERROR;
				CLANG_WARN_EMPTY_BODY = YES;
				CLANG_WARN_ENUM_CONVERSION = YES;
				CLANG_WARN_INT_CONVERSION = YES;
				CLANG_WARN_OBJC_ROOT_CLASS = YES_ERROR;
				CLANG_WARN__DUPLICATE_METHOD_MATCH = YES;
				"CODE_SIGN_IDENTITY[sdk=iphoneos*]" = "iPhone Developer";
				COPY_PHASE_STRIP = YES;
				ENABLE_NS_ASSERTIONS = NO;
				GCC_C_LANGUAGE_STANDARD = gnu99;
				GCC_WARN_64_TO_32_BIT_CONVERSION = YES;
				GCC_WARN_ABOUT_RETURN_TYPE = YES_ERROR;
				GCC_WARN_UNDECLARED_SELECTOR = YES;
				GCC_WARN_UNINITIALIZED_AUTOS = YES_AGGRESSIVE;
				GCC_WARN_UNUSED_FUNCTION = YES;
				GCC_WARN_UNUSED_VARIABLE = YES;
				IPHONEOS_DEPLOYMENT_TARGET = 7.1;
				SDKROOT = iphoneos;
				VALIDATE_PRODUCT = YES;
			};
			name = Release;
		};
		8678CD101940553A00347D68 /* Debug */ = {
			isa = XCBuildConfiguration;
			buildSettings = {
				ASSETCATALOG_COMPILER_APPICON_NAME = AppIcon;
				ASSETCATALOG_COMPILER_LAUNCHIMAGE_NAME = LaunchImage;
				GCC_PRECOMPILE_PREFIX_HEADER = YES;
				GCC_PREFIX_HEADER = "Facebook/Facebook-Prefix.pch";
				INFOPLIST_FILE = "Facebook/Facebook-Info.plist";
				PRODUCT_NAME = "$(TARGET_NAME)";
				WRAPPER_EXTENSION = app;
			};
			name = Debug;
		};
		8678CD111940553A00347D68 /* Release */ = {
			isa = XCBuildConfiguration;
			buildSettings = {
				ASSETCATALOG_COMPILER_APPICON_NAME = AppIcon;
				ASSETCATALOG_COMPILER_LAUNCHIMAGE_NAME = LaunchImage;
				GCC_PRECOMPILE_PREFIX_HEADER = YES;
				GCC_PREFIX_HEADER = "Facebook/Facebook-Prefix.pch";
				INFOPLIST_FILE = "Facebook/Facebook-Info.plist";
				PRODUCT_NAME = "$(TARGET_NAME)";
				WRAPPER_EXTENSION = app;
			};
			name = Release;
		};
		8678CD131940553A00347D68 /* Debug */ = {
			isa = XCBuildConfiguration;
			buildSettings = {
				BUNDLE_LOADER = "$(BUILT_PRODUCTS_DIR)/Facebook.app/Facebook";
				FRAMEWORK_SEARCH_PATHS = (
					"$(SDKROOT)/Developer/Library/Frameworks",
					"$(inherited)",
					"$(DEVELOPER_FRAMEWORKS_DIR)",
				);
				GCC_PRECOMPILE_PREFIX_HEADER = YES;
				GCC_PREFIX_HEADER = "Facebook/Facebook-Prefix.pch";
				GCC_PREPROCESSOR_DEFINITIONS = (
					"DEBUG=1",
					"$(inherited)",
				);
				INFOPLIST_FILE = "FacebookTests/FacebookTests-Info.plist";
				PRODUCT_NAME = "$(TARGET_NAME)";
				TEST_HOST = "$(BUNDLE_LOADER)";
				WRAPPER_EXTENSION = xctest;
			};
			name = Debug;
		};
		8678CD141940553A00347D68 /* Release */ = {
			isa = XCBuildConfiguration;
			buildSettings = {
				BUNDLE_LOADER = "$(BUILT_PRODUCTS_DIR)/Facebook.app/Facebook";
				FRAMEWORK_SEARCH_PATHS = (
					"$(SDKROOT)/Developer/Library/Frameworks",
					"$(inherited)",
					"$(DEVELOPER_FRAMEWORKS_DIR)",
				);
				GCC_PRECOMPILE_PREFIX_HEADER = YES;
				GCC_PREFIX_HEADER = "Facebook/Facebook-Prefix.pch";
				INFOPLIST_FILE = "FacebookTests/FacebookTests-Info.plist";
				PRODUCT_NAME = "$(TARGET_NAME)";
				TEST_HOST = "$(BUNDLE_LOADER)";
				WRAPPER_EXTENSION = xctest;
			};
			name = Release;
		};
/* End XCBuildConfiguration section */

/* Begin XCConfigurationList section */
		8678CCDE1940553900347D68 /* Build configuration list for PBXProject "Facebook" */ = {
			isa = XCConfigurationList;
			buildConfigurations = (
				8678CD0D1940553A00347D68 /* Debug */,
				8678CD0E1940553A00347D68 /* Release */,
			);
			defaultConfigurationIsVisible = 0;
			defaultConfigurationName = Release;
		};
		8678CD0F1940553A00347D68 /* Build configuration list for PBXNativeTarget "Facebook" */ = {
			isa = XCConfigurationList;
			buildConfigurations = (
				8678CD101940553A00347D68 /* Debug */,
				8678CD111940553A00347D68 /* Release */,
			);
			defaultConfigurationIsVisible = 0;
		};
		8678CD121940553A00347D68 /* Build configuration list for PBXNativeTarget "FacebookTests" */ = {
			isa = XCConfigurationList;
			buildConfigurations = (
				8678CD131940553A00347D68 /* Debug */,
				8678CD141940553A00347D68 /* Release */,
			);
			defaultConfigurationIsVisible = 0;
		};
/* End XCConfigurationList section */
	};
	rootObject = 8678CCDB1940553900347D68 /* Project object */;
}
